
Microsoft Visual Studio Solution File, Format Version 12.00
# Visual Studio Version 17
VisualStudioVersion = 17.13.35825.156 d17.13
MinimumVisualStudioVersion = 10.0.40219.1
Project("{FAE04EC0-301F-11D3-BF4B-00C04F79EFBC}") = "ProjectNumerizis", "ProjectNumerizis\ProjectNumerizis.csproj", "{14EBB80B-DEB8-4795-A575-684F981DF82F}"
EndProject
Global
	GlobalSection(SolutionConfigurationPlatforms) = preSolution
		Debug|Any CPU = Debug|Any CPU
		Release|Any CPU = Release|Any CPU
	EndGlobalSection
	GlobalSection(ProjectConfigurationPlatforms) = postSolution
		{14EBB80B-DEB8-4795-A575-684F981DF82F}.Debug|Any CPU.ActiveCfg = Debug|Any CPU
		{14EBB80B-DEB8-4795-A575-684F981DF82F}.Debug|Any CPU.Build.0 = Debug|Any CPU
		{14EBB80B-DEB8-4795-A575-684F981DF82F}.Release|Any CPU.ActiveCfg = Release|Any CPU
		{14EBB80B-DEB8-4795-A575-684F981DF82F}.Release|Any CPU.Build.0 = Release|Any CPU
	EndGlobalSection
	GlobalSection(SolutionProperties) = preSolution
		HideSolutionNode = FALSE
	EndGlobalSection
	GlobalSection(ExtensibilityGlobals) = postSolution
		SolutionGuid = {5892CC4B-789C-4F29-B3A4-6E13B21EBD39}
	EndGlobalSection
EndGlobal
